github.com/gorilla/mux v1.7.2 h1:zoNxOV7WjqXptQOVngLmcSQgXmgk4NMz1HibBchjl/I=
github.com/gorilla/mux v1.7.2/go.mod h1:1lud6UwP+6orDFRuTfBEV8e9/aOM/c4fVVCaMa2zaAs=
github.com/mholt/binding v0.3.0 h1:gGLnN9XAbyi5st4t1vDfmhOkHUbMwUGegVdnAnCRYvk=
github.com/mholt/binding v0.3.0/go.mod h1:fdTUY9qwc5FrbACIVqskE2Yjb3O/Kt9cPJ6TauRzkjw=
